
Microsoft Visual Studio Solution File, Format Version 12.00
# Visual Studio Version 17
VisualStudioVersion = 17.10.34928.147
MinimumVisualStudioVersion = 10.0.40219.1
Project("{FAE04EC0-301F-11D3-BF4B-00C04F79EFBC}") = "APICORE", "APICORE\APICORE.csproj", "{5F60133D-D06B-4E02-9FF5-B45666AD4148}"
EndProject
Global
	GlobalSection(SolutionConfigurationPlatforms) = preSolution
		Debug|Any CPU = Debug|Any CPU
		Release|Any CPU = Release|Any CPU
	EndGlobalSection
	GlobalSection(ProjectConfigurationPlatforms) = postSolution
		{5F60133D-D06B-4E02-9FF5-B45666AD4148}.Debug|Any CPU.ActiveCfg = Debug|Any CPU
		{5F60133D-D06B-4E02-9FF5-B45666AD4148}.Debug|Any CPU.Build.0 = Debug|Any CPU
		{5F60133D-D06B-4E02-9FF5-B45666AD4148}.Release|Any CPU.ActiveCfg = Release|Any CPU
		{5F60133D-D06B-4E02-9FF5-B45666AD4148}.Release|Any CPU.Build.0 = Release|Any CPU
	EndGlobalSection
	GlobalSection(SolutionProperties) = preSolution
		HideSolutionNode = FALSE
	EndGlobalSection
	GlobalSection(ExtensibilityGlobals) = postSolution
		SolutionGuid = {40388E1E-18EE-43A2-89CB-0B885EA95779}
	EndGlobalSection
EndGlobal
